// !$*UTF8*$!
{
	archiveVersion = 1;
	classes = {
	};
	objectVersion = 55;
	objects = {

/* Begin PBXBuildFile section */
		5228BBFA2928542C00014222 /* AppDelegate.swift in Sources */ = {isa = PBXBuildFile; fileRef = 5228BBF92928542C00014222 /* AppDelegate.swift */; };
		5228BBFC2928542C00014222 /* SceneDelegate.swift in Sources */ = {isa = PBXBuildFile; fileRef = 5228BBFB2928542C00014222 /* SceneDelegate.swift */; };
		5228BBFE2928542C00014222 /* ViewController.swift in Sources */ = {isa = PBXBuildFile; fileRef = 5228BBFD2928542C00014222 /* ViewController.swift */; };
		5228BC012928542C00014222 /* Main.storyboard in Resources */ = {isa = PBXBuildFile; fileRef = 5228BBFF2928542C00014222 /* Main.storyboard */; };
		5228BC042928542D00014222 /* cryptocrash.xcdatamodeld in Sources */ = {isa = PBXBuildFile; fileRef = 5228BC022928542D00014222 /* cryptocrash.xcdatamodeld */; };
		5228BC062928543000014222 /* Assets.xcassets in Resources */ = {isa = PBXBuildFile; fileRef = 5228BC052928543000014222 /* Assets.xcassets */; };
		5228BC092928543000014222 /* LaunchScreen.storyboard in Resources */ = {isa = PBXBuildFile; fileRef = 5228BC072928543000014222 /* LaunchScreen.storyboard */; };
		5228BC112928548100014222 /* APIHelper in Resources */ = {isa = PBXBuildFile; fileRef = 5228BC102928548100014222 /* APIHelper */; };
		5228BC13292854A100014222 /* Class in Resources */ = {isa = PBXBuildFile; fileRef = 5228BC12292854A100014222 /* Class */; };
		527B61B129469CA100AE3F9B /* Function in Resources */ = {isa = PBXBuildFile; fileRef = 527B61B029469CA100AE3F9B /* Function */; };
		527B61B529469DB100AE3F9B /* Main Crypto Bank View in Resources */ = {isa = PBXBuildFile; fileRef = 527B61B229469DB000AE3F9B /* Main Crypto Bank View */; };
		527B61B629469DB100AE3F9B /* News view in Resources */ = {isa = PBXBuildFile; fileRef = 527B61B329469DB100AE3F9B /* News view */; };
		527B61B729469DB100AE3F9B /* My List View in Resources */ = {isa = PBXBuildFile; fileRef = 527B61B429469DB100AE3F9B /* My List View */; };
/* End PBXBuildFile section */

/* Begin PBXFileReference section */
		5228BBF62928542C00014222 /* cryptocrash.app */ = {isa = PBXFileReference; explicitFileType = wrapper.application; includeInIndex = 0; path = cryptocrash.app; sourceTree = BUILT_PRODUCTS_DIR; };
		5228BBF92928542C00014222 /* AppDelegate.swift */ = {isa = PBXFileReference; lastKnownFileType = sourcecode.swift; path = AppDelegate.swift; sourceTree = "<group>"; };
		5228BBFB2928542C00014222 /* SceneDelegate.swift */ = {isa = PBXFileReference; lastKnownFileType = sourcecode.swift; path = SceneDelegate.swift; sourceTree = "<group>"; };
		5228BBFD2928542C00014222 /* ViewController.swift */ = {isa = PBXFileReference; lastKnownFileType = sourcecode.swift; path = ViewController.swift; sourceTree = "<group>"; };
		5228BC002928542C00014222 /* Base */ = {isa = PBXFileReference; lastKnownFileType = file.storyboard; name = Base; path = Base.lproj/Main.storyboard; sourceTree = "<group>"; };
		5228BC032928542D00014222 /* cryptocrash.xcdatamodel */ = {isa = PBXFileReference; lastKnownFileType = wrapper.xcdatamodel; path = cryptocrash.xcdatamodel; sourceTree = "<group>"; };
		5228BC052928543000014222 /* Assets.xcassets */ = {isa = PBXFileReference; lastKnownFileType = folder.assetcatalog; path = Assets.xcassets; sourceTree = "<group>"; };
		5228BC082928543000014222 /* Base */ = {isa = PBXFileReference; lastKnownFileType = file.storyboard; name = Base; path = Base.lproj/LaunchScreen.storyboard; sourceTree = "<group>"; };
		5228BC0A2928543000014222 /* Info.plist */ = {isa = PBXFileReference; lastKnownFileType = text.plist.xml; path = Info.plist; sourceTree = "<group>"; };
		5228BC102928548100014222 /* APIHelper */ = {isa = PBXFileReference; lastKnownFileType = folder; path = APIHelper; sourceTree = "<group>"; };
		5228BC12292854A100014222 /* Class */ = {isa = PBXFileReference; lastKnownFileType = folder; path = Class; sourceTree = "<group>"; };
		527B61B029469CA100AE3F9B /* Function */ = {isa = PBXFileReference; lastKnownFileType = folder; path = Function; sourceTree = "<group>"; };
		527B61B229469DB000AE3F9B /* Main Crypto Bank View */ = {isa = PBXFileReference; lastKnownFileType = folder; path = "Main Crypto Bank View"; sourceTree = "<group>"; };
		527B61B329469DB100AE3F9B /* News view */ = {isa = PBXFileReference; lastKnownFileType = folder; path = "News view"; sourceTree = "<group>"; };
		527B61B429469DB100AE3F9B /* My List View */ = {isa = PBXFileReference; lastKnownFileType = folder; path = "My List View"; sourceTree = "<group>"; };
/* End PBXFileReference section */

/* Begin PBXFrameworksBuildPhase section */
		5228BBF32928542C00014222 /* Frameworks */ = {
			isa = PBXFrameworksBuildPhase;
			buildActionMask = 2147483647;
			files = (
			);
			runOnlyForDeploymentPostprocessing = 0;
		};
/* End PBXFrameworksBuildPhase section */

/* Begin PBXGroup section */
		5228BBED2928542C00014222 = {
			isa = PBXGroup;
			children = (
				5228BBF82928542C00014222 /* cryptocrash */,
				5228BBF72928542C00014222 /* Products */,
			);
			sourceTree = "<group>";
		};
		5228BBF72928542C00014222 /* Products */ = {
			isa = PBXGroup;
			children = (
				5228BBF62928542C00014222 /* cryptocrash.app */,
			);
			name = Products;
			sourceTree = "<group>";
		};
		5228BBF82928542C00014222 /* cryptocrash */ = {
			isa = PBXGroup;
			children = (
				527B61B229469DB000AE3F9B /* Main Crypto Bank View */,
				527B61B429469DB100AE3F9B /* My List View */,
				527B61B329469DB100AE3F9B /* News view */,
				527B61B029469CA100AE3F9B /* Function */,
				5228BC12292854A100014222 /* Class */,
				5228BC102928548100014222 /* APIHelper */,
				5228BBF92928542C00014222 /* AppDelegate.swift */,
				5228BBFB2928542C00014222 /* SceneDelegate.swift */,
				5228BBFD2928542C00014222 /* ViewController.swift */,
				5228BBFF2928542C00014222 /* Main.storyboard */,
				5228BC052928543000014222 /* Assets.xcassets */,
				5228BC072928543000014222 /* LaunchScreen.storyboard */,
				5228BC0A2928543000014222 /* Info.plist */,
				5228BC022928542D00014222 /* cryptocrash.xcdatamodeld */,
			);
			path = cryptocrash;
			sourceTree = "<group>";
		};
/* End PBXGroup section */

/* Begin PBXNativeTarget section */
		5228BBF52928542C00014222 /* cryptocrash */ = {
			isa = PBXNativeTarget;
			buildConfigurationList = 5228BC0D2928543000014222 /* Build configuration list for PBXNativeTarget "cryptocrash" */;
			buildPhases = (
				5228BBF22928542C00014222 /* Sources */,
				5228BBF32928542C00014222 /* Frameworks */,
				5228BBF42928542C00014222 /* Resources */,
			);
			buildRules = (
			);
			dependencies = (
			);
			name = cryptocrash;
			productName = cryptocrash;
			productReference = 5228BBF62928542C00014222 /* cryptocrash.app */;
			productType = "com.apple.product-type.application";
		};
/* End PBXNativeTarget section */

/* Begin PBXProject section */
		5228BBEE2928542C00014222 /* Project object */ = {
			isa = PBXProject;
			attributes = {
				BuildIndependentTargetsInParallel = 1;
				LastSwiftUpdateCheck = 1340;
				LastUpgradeCheck = 1340;
				TargetAttributes = {
					5228BBF52928542C00014222 = {
						CreatedOnToolsVersion = 13.4.1;
					};
				};
			};
			buildConfigurationList = 5228BBF12928542C00014222 /* Build configuration list for PBXProject "cryptocrash" */;
			compatibilityVersion = "Xcode 13.0";
			developmentRegion = en;
			hasScannedForEncodings = 0;
			knownRegions = (
				en,
				Base,
			);
			mainGroup = 5228BBED2928542C00014222;
			productRefGroup = 5228BBF72928542C00014222 /* Products */;
			projectDirPath = "";
			projectRoot = "";
			targets = (
				5228BBF52928542C00014222 /* cryptocrash */,
			);
		};
/* End PBXProject section */

/* Begin PBXResourcesBuildPhase section */
		5228BBF42928542C00014222 /* Resources */ = {
			isa = PBXResourcesBuildPhase;
			buildActionMask = 2147483647;
			files = (
				5228BC092928543000014222 /* LaunchScreen.storyboard in Resources */,
				527B61B629469DB100AE3F9B /* News view in Resources */,
				5228BC062928543000014222 /* Assets.xcassets in Resources */,
				527B61B529469DB100AE3F9B /* Main Crypto Bank View in Resources */,
				527B61B129469CA100AE3F9B /* Function in Resources */,
				5228BC13292854A100014222 /* Class in Resources */,
				5228BC012928542C00014222 /* Main.storyboard in Resources */,
				5228BC112928548100014222 /* APIHelper in Resources */,
				527B61B729469DB100AE3F9B /* My List View in Resources */,
			);
			runOnlyForDeploymentPostprocessing = 0;
		};
/* End PBXResourcesBuildPhase section */

/* Begin PBXSourcesBuildPhase section */
		5228BBF22928542C00014222 /* Sources */ = {
			isa = PBXSourcesBuildPhase;
			buildActionMask = 2147483647;
			files = (
				5228BBFE2928542C00014222 /* ViewController.swift in Sources */,
				5228BBFA2928542C00014222 /* AppDelegate.swift in Sources */,
				5228BC042928542D00014222 /* cryptocrash.xcdatamodeld in Sources */,
				5228BBFC2928542C00014222 /* SceneDelegate.swift in Sources */,
			);
			runOnlyForDeploymentPostprocessing = 0;
		};
/* End PBXSourcesBuildPhase section */

/* Begin PBXVariantGroup section */
		5228BBFF2928542C00014222 /* Main.storyboard */ = {
			isa = PBXVariantGroup;
			children = (
				5228BC002928542C00014222 /* Base */,
			);
			name = Main.storyboard;
			sourceTree = "<group>";
		};
		5228BC072928543000014222 /* LaunchScreen.storyboard */ = {
			isa = PBXVariantGroup;
			children = (
				5228BC082928543000014222 /* Base */,
			);
			name = LaunchScreen.storyboard;
			sourceTree = "<group>";
		};
/* End PBXVariantGroup section */

/* Begin XCBuildConfiguration section */
		5228BC0B2928543000014222 /* Debug */ = {
			isa = XCBuildConfiguration;
			buildSettings = {
				ALWAYS_SEARCH_USER_PATHS = NO;
				CLANG_ANALYZER_NONNULL = YES;
				CLANG_ANALYZER_NUMBER_OBJECT_CONVERSION = YES_AGGRESSIVE;
				CLANG_CXX_LANGUAGE_STANDARD = "gnu++17";
				CLANG_ENABLE_MODULES = YES;
				CLANG_ENABLE_OBJC_ARC = YES;
				CLANG_ENABLE_OBJC_WEAK = YES;
				CLANG_WARN_BLOCK_CAPTURE_AUTORELEASING = YES;
				CLANG_WARN_BOOL_CONVERSION = YES;
				CLANG_WARN_COMMA = YES;
				CLANG_WARN_CONSTANT_CONVERSION = YES;
				CLANG_WARN_DEPRECATED_OBJC_IMPLEMENTATIONS = YES;
				CLANG_WARN_DIRECT_OBJC_ISA_USAGE = YES_ERROR;
				CLANG_WARN_DOCUMENTATION_COMMENTS = YES;
				CLANG_WARN_EMPTY_BODY = YES;
				CLANG_WARN_ENUM_CONVERSION = YES;
				CLANG_WARN_INFINITE_RECURSION = YES;
				CLANG_WARN_INT_CONVERSION = YES;
				CLANG_WARN_NON_LITERAL_NULL_CONVERSION = YES;
				CLANG_WARN_OBJC_IMPLICIT_RETAIN_SELF = YES;
				CLANG_WARN_OBJC_LITERAL_CONVERSION = YES;
				CLANG_WARN_OBJC_ROOT_CLASS = YES_ERROR;
				CLANG_WARN_QUOTED_INCLUDE_IN_FRAMEWORK_HEADER = YES;
				CLANG_WARN_RANGE_LOOP_ANALYSIS = YES;
				CLANG_WARN_STRICT_PROTOTYPES = YES;
				CLANG_WARN_SUSPICIOUS_MOVE = YES;
				CLANG_WARN_UNGUARDED_AVAILABILITY = YES_AGGRESSIVE;
				CLANG_WARN_UNREACHABLE_CODE = YES;
				CLANG_WARN__DUPLICATE_METHOD_MATCH = YES;
				COPY_PHASE_STRIP = NO;
				DEBUG_INFORMATION_FORMAT = dwarf;
				ENABLE_STRICT_OBJC_MSGSEND = YES;
				ENABLE_TESTABILITY = YES;
				GCC_C_LANGUAGE_STANDARD = gnu11;
				GCC_DYNAMIC_NO_PIC = NO;
				GCC_NO_COMMON_BLOCKS = YES;
				GCC_OPTIMIZATION_LEVEL = 0;
				GCC_PREPROCESSOR_DEFINITIONS = (
					"DEBUG=1",
					"$(inherited)",
				);
				GCC_WARN_64_TO_32_BIT_CONVERSION = YES;
				GCC_WARN_ABOUT_RETURN_TYPE = YES_ERROR;
				GCC_WARN_UNDECLARED_SELECTOR = YES;
				GCC_WARN_UNINITIALIZED_AUTOS = YES_AGGRESSIVE;
				GCC_WARN_UNUSED_FUNCTION = YES;
				GCC_WARN_UNUSED_VARIABLE = YES;
				IPHONEOS_DEPLOYMENT_TARGET = 15.5;
				MTL_ENABLE_DEBUG_INFO = INCLUDE_SOURCE;
				MTL_FAST_MATH = YES;
				ONLY_ACTIVE_ARCH = YES;
				SDKROOT = iphoneos;
				SWIFT_ACTIVE_COMPILATION_CONDITIONS = DEBUG;
				SWIFT_OPTIMIZATION_LEVEL = "-Onone";
			};
			name = Debug;
		};
		5228BC0C2928543000014222 /* Release */ = {
			isa = XCBuildConfiguration;
			buildSettings = {
				ALWAYS_SEARCH_USER_PATHS = NO;
				CLANG_ANALYZER_NONNULL = YES;
				CLANG_ANALYZER_NUMBER_OBJECT_CONVERSION = YES_AGGRESSIVE;
				CLANG_CXX_LANGUAGE_STANDARD = "gnu++17";
				CLANG_ENABLE_MODULES = YES;
				CLANG_ENABLE_OBJC_ARC = YES;
				CLANG_ENABLE_OBJC_WEAK = YES;
				CLANG_WARN_BLOCK_CAPTURE_AUTORELEASING = YES;
				CLANG_WARN_BOOL_CONVERSION = YES;
				CLANG_WARN_COMMA = YES;
				CLANG_WARN_CONSTANT_CONVERSION = YES;
				CLANG_WARN_DEPRECATED_OBJC_IMPLEMENTATIONS = YES;
				CLANG_WARN_DIRECT_OBJC_ISA_USAGE = YES_ERROR;
				CLANG_WARN_DOCUMENTATION_COMMENTS = YES;
				CLANG_WARN_EMPTY_BODY = YES;
				CLANG_WARN_ENUM_CONVERSION = YES;
				CLANG_WARN_INFINITE_RECURSION = YES;
				CLANG_WARN_INT_CONVERSION = YES;
				CLANG_WARN_NON_LITERAL_NULL_CONVERSION = YES;
				CLANG_WARN_OBJC_IMPLICIT_RETAIN_SELF = YES;
				CLANG_WARN_OBJC_LITERAL_CONVERSION = YES;
				CLANG_WARN_OBJC_ROOT_CLASS = YES_ERROR;
				CLANG_WARN_QUOTED_INCLUDE_IN_FRAMEWORK_HEADER = YES;
				CLANG_WARN_RANGE_LOOP_ANALYSIS = YES;
				CLANG_WARN_STRICT_PROTOTYPES = YES;
				CLANG_WARN_SUSPICIOUS_MOVE = YES;
				CLANG_WARN_UNGUARDED_AVAILABILITY = YES_AGGRESSIVE;
				CLANG_WARN_UNREACHABLE_CODE = YES;
				CLANG_WARN__DUPLICATE_METHOD_MATCH = YES;
				COPY_PHASE_STRIP = NO;
				DEBUG_INFORMATION_FORMAT = "dwarf-with-dsym";
				ENABLE_NS_ASSERTIONS = NO;
				ENABLE_STRICT_OBJC_MSGSEND = YES;
				GCC_C_LANGUAGE_STANDARD = gnu11;
				GCC_NO_COMMON_BLOCKS = YES;
				GCC_WARN_64_TO_32_BIT_CONVERSION = YES;
				GCC_WARN_ABOUT_RETURN_TYPE = YES_ERROR;
				GCC_WARN_UNDECLARED_SELECTOR = YES;
				GCC_WARN_UNINITIALIZED_AUTOS = YES_AGGRESSIVE;
				GCC_WARN_UNUSED_FUNCTION = YES;
				GCC_WARN_UNUSED_VARIABLE = YES;
				IPHONEOS_DEPLOYMENT_TARGET = 15.5;
				MTL_ENABLE_DEBUG_INFO = NO;
				MTL_FAST_MATH = YES;
				SDKROOT = iphoneos;
				SWIFT_COMPILATION_MODE = wholemodule;
				SWIFT_OPTIMIZATION_LEVEL = "-O";
				VALIDATE_PRODUCT = YES;
			};
			name = Release;
		};
		5228BC0E2928543000014222 /* Debug */ = {
			isa = XCBuildConfiguration;
			buildSettings = {
				ASSETCATALOG_COMPILER_APPICON_NAME = AppIcon;
				ASSETCATALOG_COMPILER_GLOBAL_ACCENT_COLOR_NAME = AccentColor;
				CODE_SIGN_STYLE = Automatic;
				CURRENT_PROJECT_VERSION = 1;
				GENERATE_INFOPLIST_FILE = YES;
				INFOPLIST_FILE = cryptocrash/Info.plist;
				INFOPLIST_KEY_UIApplicationSupportsIndirectInputEvents = YES;
				INFOPLIST_KEY_UILaunchStoryboardName = LaunchScreen;
				INFOPLIST_KEY_UIMainStoryboardFile = Main;
				INFOPLIST_KEY_UISupportedInterfaceOrientations_iPad = "UIInterfaceOrientationPortrait UIInterfaceOrientationPortraitUpsideDown UIInterfaceOrientationLandscapeLeft UIInterfaceOrientationLandscapeRight";
				INFOPLIST_KEY_UISupportedInterfaceOrientations_iPhone = "UIInterfaceOrientationPortrait UIInterfaceOrientationLandscapeLeft UIInterfaceOrientationLandscapeRight";
				LD_RUNPATH_SEARCH_PATHS = (
					"$(inherited)",
					"@executable_path/Frameworks",
				);
				MARKETING_VERSION = 1.0;
				PRODUCT_BUNDLE_IDENTIFIER = cambrian.cryptocrash;
				PRODUCT_NAME = "$(TARGET_NAME)";
				SWIFT_EMIT_LOC_STRINGS = YES;
				SWIFT_VERSION = 5.0;
				TARGETED_DEVICE_FAMILY = "1,2";
			};
			name = Debug;
		};
		5228BC0F2928543000014222 /* Release */ = {
			isa = XCBuildConfiguration;
			buildSettings = {
				ASSETCATALOG_COMPILER_APPICON_NAME = AppIcon;
				ASSETCATALOG_COMPILER_GLOBAL_ACCENT_COLOR_NAME = AccentColor;
				CODE_SIGN_STYLE = Automatic;
				CURRENT_PROJECT_VERSION = 1;
				GENERATE_INFOPLIST_FILE = YES;
				INFOPLIST_FILE = cryptocrash/Info.plist;
				INFOPLIST_KEY_UIApplicationSupportsIndirectInputEvents = YES;
				INFOPLIST_KEY_UILaunchStoryboardName = LaunchScreen;
				INFOPLIST_KEY_UIMainStoryboardFile = Main;
				INFOPLIST_KEY_UISupportedInterfaceOrientations_iPad = "UIInterfaceOrientationPortrait UIInterfaceOrientationPortraitUpsideDown UIInterfaceOrientationLandscapeLeft UIInterfaceOrientationLandscapeRight";
				INFOPLIST_KEY_UISupportedInterfaceOrientations_iPhone = "UIInterfaceOrientationPortrait UIInterfaceOrientationLandscapeLeft UIInterfaceOrientationLandscapeRight";
				LD_RUNPATH_SEARCH_PATHS = (
					"$(inherited)",
					"@executable_path/Frameworks",
				);
				MARKETING_VERSION = 1.0;
				PRODUCT_BUNDLE_IDENTIFIER = cambrian.cryptocrash;
				PRODUCT_NAME = "$(TARGET_NAME)";
				SWIFT_EMIT_LOC_STRINGS = YES;
				SWIFT_VERSION = 5.0;
				TARGETED_DEVICE_FAMILY = "1,2";
			};
			name = Release;
		};
/* End XCBuildConfiguration section */

/* Begin XCConfigurationList section */
		5228BBF12928542C00014222 /* Build configuration list for PBXProject "cryptocrash" */ = {
			isa = XCConfigurationList;
			buildConfigurations = (
				5228BC0B2928543000014222 /* Debug */,
				5228BC0C2928543000014222 /* Release */,
			);
			defaultConfigurationIsVisible = 0;
			defaultConfigurationName = Release;
		};
		5228BC0D2928543000014222 /* Build configuration list for PBXNativeTarget "cryptocrash" */ = {
			isa = XCConfigurationList;
			buildConfigurations = (
				5228BC0E2928543000014222 /* Debug */,
				5228BC0F2928543000014222 /* Release */,
			);
			defaultConfigurationIsVisible = 0;
			defaultConfigurationName = Release;
		};
/* End XCConfigurationList section */

/* Begin XCVersionGroup section */
		5228BC022928542D00014222 /* cryptocrash.xcdatamodeld */ = {
			isa = XCVersionGroup;
			children = (
				5228BC032928542D00014222 /* cryptocrash.xcdatamodel */,
			);
			currentVersion = 5228BC032928542D00014222 /* cryptocrash.xcdatamodel */;
			path = cryptocrash.xcdatamodeld;
			sourceTree = "<group>";
			versionGroupType = wrapper.xcdatamodel;
		};
/* End XCVersionGroup section */
	};
	rootObject = 5228BBEE2928542C00014222 /* Project object */;
}
